// !$*UTF8*$!
{
	archiveVersion = 1;
	classes = {
	};
	objectVersion = 46;
	objects = {

/* Begin PBXBuildFile section */
		053CB3181B00F26600CCEFA5 /* AppDelegate.swift in Sources */ = {isa = PBXBuildFile; fileRef = 053CB3171B00F26600CCEFA5 /* AppDelegate.swift */; };
		053CB31A1B00F26600CCEFA5 /* art.scnassets in Resources */ = {isa = PBXBuildFile; fileRef = 053CB3191B00F26600CCEFA5 /* art.scnassets */; };
		053CB31C1B00F26600CCEFA5 /* GameViewController.swift in Sources */ = {isa = PBXBuildFile; fileRef = 053CB31B1B00F26600CCEFA5 /* GameViewController.swift */; };
		053CB31F1B00F26600CCEFA5 /* Main.storyboard in Resources */ = {isa = PBXBuildFile; fileRef = 053CB31D1B00F26600CCEFA5 /* Main.storyboard */; };
		053CB3211B00F26600CCEFA5 /* Images.xcassets in Resources */ = {isa = PBXBuildFile; fileRef = 053CB3201B00F26600CCEFA5 /* Images.xcassets */; };
		053CB3241B00F26600CCEFA5 /* LaunchScreen.xib in Resources */ = {isa = PBXBuildFile; fileRef = 053CB3221B00F26600CCEFA5 /* LaunchScreen.xib */; };
		053CB3301B00F26600CCEFA5 /* SampleTests.swift in Sources */ = {isa = PBXBuildFile; fileRef = 053CB32F1B00F26600CCEFA5 /* SampleTests.swift */; };
/* End PBXBuildFile section */

/* Begin PBXContainerItemProxy section */
		053CB32A1B00F26600CCEFA5 /* PBXContainerItemProxy */ = {
			isa = PBXContainerItemProxy;
			containerPortal = 053CB30A1B00F26500CCEFA5 /* Project object */;
			proxyType = 1;
			remoteGlobalIDString = 053CB3111B00F26600CCEFA5;
			remoteInfo = Sample;
		};
/* End PBXContainerItemProxy section */

/* Begin PBXFileReference section */
		053CB3121B00F26600CCEFA5 /* Sample.app */ = {isa = PBXFileReference; explicitFileType = wrapper.application; includeInIndex = 0; path = Sample.app; sourceTree = BUILT_PRODUCTS_DIR; };
		053CB3161B00F26600CCEFA5 /* Info.plist */ = {isa = PBXFileReference; lastKnownFileType = text.plist.xml; path = Info.plist; sourceTree = "<group>"; };
		053CB3171B00F26600CCEFA5 /* AppDelegate.swift */ = {isa = PBXFileReference; lastKnownFileType = sourcecode.swift; path = AppDelegate.swift; sourceTree = "<group>"; };
		053CB3191B00F26600CCEFA5 /* art.scnassets */ = {isa = PBXFileReference; lastKnownFileType = wrapper.scnassets; path = art.scnassets; sourceTree = "<group>"; };
		053CB31B1B00F26600CCEFA5 /* GameViewController.swift */ = {isa = PBXFileReference; lastKnownFileType = sourcecode.swift; path = GameViewController.swift; sourceTree = "<group>"; };
		053CB31E1B00F26600CCEFA5 /* Base */ = {isa = PBXFileReference; lastKnownFileType = file.storyboard; name = Base; path = Base.lproj/Main.storyboard; sourceTree = "<group>"; };
		053CB3201B00F26600CCEFA5 /* Images.xcassets */ = {isa = PBXFileReference; lastKnownFileType = folder.assetcatalog; path = Images.xcassets; sourceTree = "<group>"; };
		053CB3231B00F26600CCEFA5 /* Base */ = {isa = PBXFileReference; lastKnownFileType = file.xib; name = Base; path = Base.lproj/LaunchScreen.xib; sourceTree = "<group>"; };
		053CB3291B00F26600CCEFA5 /* SampleTests.xctest */ = {isa = PBXFileReference; explicitFileType = wrapper.cfbundle; includeInIndex = 0; path = SampleTests.xctest; sourceTree = BUILT_PRODUCTS_DIR; };
		053CB32E1B00F26600CCEFA5 /* Info.plist */ = {isa = PBXFileReference; lastKnownFileType = text.plist.xml; path = Info.plist; sourceTree = "<group>"; };
		053CB32F1B00F26600CCEFA5 /* SampleTests.swift */ = {isa = PBXFileReference; lastKnownFileType = sourcecode.swift; path = SampleTests.swift; sourceTree = "<group>"; };
/* End PBXFileReference section */

/* Begin PBXFrameworksBuildPhase section */
		053CB30F1B00F26600CCEFA5 /* Frameworks */ = {
			isa = PBXFrameworksBuildPhase;
			buildActionMask = 2147483647;
			files = (
			);
			runOnlyForDeploymentPostprocessing = 0;
		};
		053CB3261B00F26600CCEFA5 /* Frameworks */ = {
			isa = PBXFrameworksBuildPhase;
			buildActionMask = 2147483647;
			files = (
			);
			runOnlyForDeploymentPostprocessing = 0;
		};
/* End PBXFrameworksBuildPhase section */

/* Begin PBXGroup section */
		053CB3091B00F26500CCEFA5 = {
			isa = PBXGroup;
			children = (
				053CB3141B00F26600CCEFA5 /* Sample */,
				053CB32C1B00F26600CCEFA5 /* SampleTests */,
				053CB3131B00F26600CCEFA5 /* Products */,
			);
			sourceTree = "<group>";
		};
		053CB3131B00F26600CCEFA5 /* Products */ = {
			isa = PBXGroup;
			children = (
				053CB3121B00F26600CCEFA5 /* Sample.app */,
				053CB3291B00F26600CCEFA5 /* SampleTests.xctest */,
			);
			name = Products;
			sourceTree = "<group>";
		};
		053CB3141B00F26600CCEFA5 /* Sample */ = {
			isa = PBXGroup;
			children = (
				053CB3171B00F26600CCEFA5 /* AppDelegate.swift */,
				053CB3191B00F26600CCEFA5 /* art.scnassets */,
				053CB31B1B00F26600CCEFA5 /* GameViewController.swift */,
				053CB31D1B00F26600CCEFA5 /* Main.storyboard */,
				053CB3201B00F26600CCEFA5 /* Images.xcassets */,
				053CB3221B00F26600CCEFA5 /* LaunchScreen.xib */,
				053CB3151B00F26600CCEFA5 /* Supporting Files */,
			);
			path = Sample;
			sourceTree = "<group>";
		};
		053CB3151B00F26600CCEFA5 /* Supporting Files */ = {
			isa = PBXGroup;
			children = (
				053CB3161B00F26600CCEFA5 /* Info.plist */,
			);
			name = "Supporting Files";
			sourceTree = "<group>";
		};
		053CB32C1B00F26600CCEFA5 /* SampleTests */ = {
			isa = PBXGroup;
			children = (
				053CB32F1B00F26600CCEFA5 /* SampleTests.swift */,
				053CB32D1B00F26600CCEFA5 /* Supporting Files */,
			);
			path = SampleTests;
			sourceTree = "<group>";
		};
		053CB32D1B00F26600CCEFA5 /* Supporting Files */ = {
			isa = PBXGroup;
			children = (
				053CB32E1B00F26600CCEFA5 /* Info.plist */,
			);
			name = "Supporting Files";
			sourceTree = "<group>";
		};
/* End PBXGroup section */

/* Begin PBXNativeTarget section */
		053CB3111B00F26600CCEFA5 /* Sample */ = {
			isa = PBXNativeTarget;
			buildConfigurationList = 053CB3331B00F26600CCEFA5 /* Build configuration list for PBXNativeTarget "Sample" */;
			buildPhases = (
				053CB30E1B00F26600CCEFA5 /* Sources */,
				053CB30F1B00F26600CCEFA5 /* Frameworks */,
				053CB3101B00F26600CCEFA5 /* Resources */,
			);
			buildRules = (
			);
			dependencies = (
			);
			name = Sample;
			productName = Sample;
			productReference = 053CB3121B00F26600CCEFA5 /* Sample.app */;
			productType = "com.apple.product-type.application";
		};
		053CB3281B00F26600CCEFA5 /* SampleTests */ = {
			isa = PBXNativeTarget;
			buildConfigurationList = 053CB3361B00F26600CCEFA5 /* Build configuration list for PBXNativeTarget "SampleTests" */;
			buildPhases = (
				053CB3251B00F26600CCEFA5 /* Sources */,
				053CB3261B00F26600CCEFA5 /* Frameworks */,
				053CB3271B00F26600CCEFA5 /* Resources */,
			);
			buildRules = (
			);
			dependencies = (
				053CB32B1B00F26600CCEFA5 /* PBXTargetDependency */,
			);
			name = SampleTests;
			productName = SampleTests;
			productReference = 053CB3291B00F26600CCEFA5 /* SampleTests.xctest */;
			productType = "com.apple.product-type.bundle.unit-test";
		};
/* End PBXNativeTarget section */

/* Begin PBXProject section */
		053CB30A1B00F26500CCEFA5 /* Project object */ = {
			isa = PBXProject;
			attributes = {
				LastUpgradeCheck = 0630;
				ORGANIZATIONNAME = "Mariana Alvarez";
				TargetAttributes = {
					053CB3111B00F26600CCEFA5 = {
						CreatedOnToolsVersion = 6.3;
					};
					053CB3281B00F26600CCEFA5 = {
						CreatedOnToolsVersion = 6.3;
						TestTargetID = 053CB3111B00F26600CCEFA5;
					};
				};
			};
			buildConfigurationList = 053CB30D1B00F26500CCEFA5 /* Build configuration list for PBXProject "Sample" */;
			compatibilityVersion = "Xcode 3.2";
			developmentRegion = English;
			hasScannedForEncodings = 0;
			knownRegions = (
				en,
				Base,
			);
			mainGroup = 053CB3091B00F26500CCEFA5;
			productRefGroup = 053CB3131B00F26600CCEFA5 /* Products */;
			projectDirPath = "";
			projectRoot = "";
			targets = (
				053CB3111B00F26600CCEFA5 /* Sample */,
				053CB3281B00F26600CCEFA5 /* SampleTests */,
			);
		};
/* End PBXProject section */

/* Begin PBXResourcesBuildPhase section */
		053CB3101B00F26600CCEFA5 /* Resources */ = {
			isa = PBXResourcesBuildPhase;
			buildActionMask = 2147483647;
			files = (
				053CB3241B00F26600CCEFA5 /* LaunchScreen.xib in Resources */,
				053CB3211B00F26600CCEFA5 /* Images.xcassets in Resources */,
				053CB31A1B00F26600CCEFA5 /* art.scnassets in Resources */,
				053CB31F1B00F26600CCEFA5 /* Main.storyboard in Resources */,
			);
			runOnlyForDeploymentPostprocessing = 0;
		};
		053CB3271B00F26600CCEFA5 /* Resources */ = {
			isa = PBXResourcesBuildPhase;
			buildActionMask = 2147483647;
			files = (
			);
			runOnlyForDeploymentPostprocessing = 0;
		};
/* End PBXResourcesBuildPhase section */

/* Begin PBXSourcesBuildPhase section */
		053CB30E1B00F26600CCEFA5 /* Sources */ = {
			isa = PBXSourcesBuildPhase;
			buildActionMask = 2147483647;
			files = (
				053CB31C1B00F26600CCEFA5 /* GameViewController.swift in Sources */,
				053CB3181B00F26600CCEFA5 /* AppDelegate.swift in Sources */,
			);
			runOnlyForDeploymentPostprocessing = 0;
		};
		053CB3251B00F26600CCEFA5 /* Sources */ = {
			isa = PBXSourcesBuildPhase;
			buildActionMask = 2147483647;
			files = (
				053CB3301B00F26600CCEFA5 /* SampleTests.swift in Sources */,
			);
			runOnlyForDeploymentPostprocessing = 0;
		};
/* End PBXSourcesBuildPhase section */

/* Begin PBXTargetDependency section */
		053CB32B1B00F26600CCEFA5 /* PBXTargetDependency */ = {
			isa = PBXTargetDependency;
			target = 053CB3111B00F26600CCEFA5 /* Sample */;
			targetProxy = 053CB32A1B00F26600CCEFA5 /* PBXContainerItemProxy */;
		};
/* End PBXTargetDependency section */

/* Begin PBXVariantGroup section */
		053CB31D1B00F26600CCEFA5 /* Main.storyboard */ = {
			isa = PBXVariantGroup;
			children = (
				053CB31E1B00F26600CCEFA5 /* Base */,
			);
			name = Main.storyboard;
			sourceTree = "<group>";
		};
		053CB3221B00F26600CCEFA5 /* LaunchScreen.xib */ = {
			isa = PBXVariantGroup;
			children = (
				053CB3231B00F26600CCEFA5 /* Base */,
			);
			name = LaunchScreen.xib;
			sourceTree = "<group>";
		};
/* End PBXVariantGroup section */

/* Begin XCBuildConfiguration section */
		053CB3311B00F26600CCEFA5 /* Debug */ = {
			isa = XCBuildConfiguration;
			buildSettings = {
				ALWAYS_SEARCH_USER_PATHS = NO;
				CLANG_CXX_LANGUAGE_STANDARD = "gnu++0x";
				CLANG_CXX_LIBRARY = "libc++";
				CLANG_ENABLE_MODULES = YES;
				CLANG_ENABLE_OBJC_ARC = YES;
				CLANG_WARN_BOOL_CONVERSION = YES;
				CLANG_WARN_CONSTANT_CONVERSION = YES;
				CLANG_WARN_DIRECT_OBJC_ISA_USAGE = YES_ERROR;
				CLANG_WARN_EMPTY_BODY = YES;
				CLANG_WARN_ENUM_CONVERSION = YES;
				CLANG_WARN_INT_CONVERSION = YES;
				CLANG_WARN_OBJC_ROOT_CLASS = YES_ERROR;
				CLANG_WARN_UNREACHABLE_CODE = YES;
				CLANG_WARN__DUPLICATE_METHOD_MATCH = YES;
				"CODE_SIGN_IDENTITY[sdk=iphoneos*]" = "iPhone Developer";
				COPY_PHASE_STRIP = NO;
				DEBUG_INFORMATION_FORMAT = "dwarf-with-dsym";
				ENABLE_STRICT_OBJC_MSGSEND = YES;
				GCC_C_LANGUAGE_STANDARD = gnu99;
				GCC_DYNAMIC_NO_PIC = NO;
				GCC_NO_COMMON_BLOCKS = YES;
				GCC_OPTIMIZATION_LEVEL = 0;
				GCC_PREPROCESSOR_DEFINITIONS = (
					"DEBUG=1",
					"$(inherited)",
				);
				GCC_SYMBOLS_PRIVATE_EXTERN = NO;
				GCC_WARN_64_TO_32_BIT_CONVERSION = YES;
				GCC_WARN_ABOUT_RETURN_TYPE = YES_ERROR;
				GCC_WARN_UNDECLARED_SELECTOR = YES;
				GCC_WARN_UNINITIALIZED_AUTOS = YES_AGGRESSIVE;
				GCC_WARN_UNUSED_FUNCTION = YES;
				GCC_WARN_UNUSED_VARIABLE = YES;
				IPHONEOS_DEPLOYMENT_TARGET = 8.3;
				MTL_ENABLE_DEBUG_INFO = YES;
				ONLY_ACTIVE_ARCH = YES;
				SDKROOT = iphoneos;
				SWIFT_OPTIMIZATION_LEVEL = "-Onone";
			};
			name = Debug;
		};
		053CB3321B00F26600CCEFA5 /* Release */ = {
			isa = XCBuildConfiguration;
			buildSettings = {
				ALWAYS_SEARCH_USER_PATHS = NO;
				CLANG_CXX_LANGUAGE_STANDARD = "gnu++0x";
				CLANG_CXX_LIBRARY = "libc++";
				CLANG_ENABLE_MODULES = YES;
				CLANG_ENABLE_OBJC_ARC = YES;
				CLANG_WARN_BOOL_CONVERSION = YES;
				CLANG_WARN_CONSTANT_CONVERSION = YES;
				CLANG_WARN_DIRECT_OBJC_ISA_USAGE = YES_ERROR;
				CLANG_WARN_EMPTY_BODY = YES;
				CLANG_WARN_ENUM_CONVERSION = YES;
				CLANG_WARN_INT_CONVERSION = YES;
				CLANG_WARN_OBJC_ROOT_CLASS = YES_ERROR;
				CLANG_WARN_UNREACHABLE_CODE = YES;
				CLANG_WARN__DUPLICATE_METHOD_MATCH = YES;
				"CODE_SIGN_IDENTITY[sdk=iphoneos*]" = "iPhone Developer";
				COPY_PHASE_STRIP = NO;
				DEBUG_INFORMATION_FORMAT = "dwarf-with-dsym";
				ENABLE_NS_ASSERTIONS = NO;
				ENABLE_STRICT_OBJC_MSGSEND = YES;
				GCC_C_LANGUAGE_STANDARD = gnu99;
				GCC_NO_COMMON_BLOCKS = YES;
				GCC_WARN_64_TO_32_BIT_CONVERSION = YES;
				GCC_WARN_ABOUT_RETURN_TYPE = YES_ERROR;
				GCC_WARN_UNDECLARED_SELECTOR = YES;
				GCC_WARN_UNINITIALIZED_AUTOS = YES_AGGRESSIVE;
				GCC_WARN_UNUSED_FUNCTION = YES;
				GCC_WARN_UNUSED_VARIABLE = YES;
				IPHONEOS_DEPLOYMENT_TARGET = 8.3;
				MTL_ENABLE_DEBUG_INFO = NO;
				SDKROOT = iphoneos;
				VALIDATE_PRODUCT = YES;
			};
			name = Release;
		};
		053CB3341B00F26600CCEFA5 /* Debug */ = {
			isa = XCBuildConfiguration;
			buildSettings = {
				ASSETCATALOG_COMPILER_APPICON_NAME = AppIcon;
				INFOPLIST_FILE = Sample/Info.plist;
				LD_RUNPATH_SEARCH_PATHS = "$(inherited) @executable_path/Frameworks";
				PRODUCT_NAME = "$(TARGET_NAME)";
			};
			name = Debug;
		};
		053CB3351B00F26600CCEFA5 /* Release */ = {
			isa = XCBuildConfiguration;
			buildSettings = {
				ASSETCATALOG_COMPILER_APPICON_NAME = AppIcon;
				INFOPLIST_FILE = Sample/Info.plist;
				LD_RUNPATH_SEARCH_PATHS = "$(inherited) @executable_path/Frameworks";
				PRODUCT_NAME = "$(TARGET_NAME)";
			};
			name = Release;
		};
		053CB3371B00F26600CCEFA5 /* Debug */ = {
			isa = XCBuildConfiguration;
			buildSettings = {
				BUNDLE_LOADER = "$(TEST_HOST)";
				FRAMEWORK_SEARCH_PATHS = (
					"$(SDKROOT)/Developer/Library/Frameworks",
					"$(inherited)",
				);
				GCC_PREPROCESSOR_DEFINITIONS = (
					"DEBUG=1",
					"$(inherited)",
				);
				INFOPLIST_FILE = SampleTests/Info.plist;
				LD_RUNPATH_SEARCH_PATHS = "$(inherited) @executable_path/Frameworks @loader_path/Frameworks";
				PRODUCT_NAME = "$(TARGET_NAME)";
				TEST_HOST = "$(BUILT_PRODUCTS_DIR)/Sample.app/Sample";
			};
			name = Debug;
		};
		053CB3381B00F26600CCEFA5 /* Release */ = {
			isa = XCBuildConfiguration;
			buildSettings = {
				BUNDLE_LOADER = "$(TEST_HOST)";
				FRAMEWORK_SEARCH_PATHS = (
					"$(SDKROOT)/Developer/Library/Frameworks",
					"$(inherited)",
				);
				INFOPLIST_FILE = SampleTests/Info.plist;
				LD_RUNPATH_SEARCH_PATHS = "$(inherited) @executable_path/Frameworks @loader_path/Frameworks";
				PRODUCT_NAME = "$(TARGET_NAME)";
				TEST_HOST = "$(BUILT_PRODUCTS_DIR)/Sample.app/Sample";
			};
			name = Release;
		};
/* End XCBuildConfiguration section */

/* Begin XCConfigurationList section */
		053CB30D1B00F26500CCEFA5 /* Build configuration list for PBXProject "Sample" */ = {
			isa = XCConfigurationList;
			buildConfigurations = (
				053CB3311B00F26600CCEFA5 /* Debug */,
				053CB3321B00F26600CCEFA5 /* Release */,
			);
			defaultConfigurationIsVisible = 0;
			defaultConfigurationName = Release;
		};
		053CB3331B00F26600CCEFA5 /* Build configuration list for PBXNativeTarget "Sample" */ = {
			isa = XCConfigurationList;
			buildConfigurations = (
				053CB3341B00F26600CCEFA5 /* Debug */,
				053CB3351B00F26600CCEFA5 /* Release */,
			);
			defaultConfigurationIsVisible = 0;
		};
		053CB3361B00F26600CCEFA5 /* Build configuration list for PBXNativeTarget "SampleTests" */ = {
			isa = XCConfigurationList;
			buildConfigurations = (
				053CB3371B00F26600CCEFA5 /* Debug */,
				053CB3381B00F26600CCEFA5 /* Release */,
			);
			defaultConfigurationIsVisible = 0;
		};
/* End XCConfigurationList section */
	};
	rootObject = 053CB30A1B00F26500CCEFA5 /* Project object */;
}
